// !$*UTF8*$!
{
	archiveVersion = 1;
	classes = {
	};
	objectVersion = 77;
	objects = {

/* Begin PBXContainerItemProxy section */
		276F459C2E81640B0065FA97 /* PBXContainerItemProxy */ = {
			isa = PBXContainerItemProxy;
			containerPortal = 276F45852E8164090065FA97 /* Project object */;
			proxyType = 1;
			remoteGlobalIDString = 276F458C2E8164090065FA97;
			remoteInfo = "BroomCleaner Pro";
		};
		276F45A62E81640B0065FA97 /* PBXContainerItemProxy */ = {
			isa = PBXContainerItemProxy;
			containerPortal = 276F45852E8164090065FA97 /* Project object */;
			proxyType = 1;
			remoteGlobalIDString = 276F458C2E8164090065FA97;
			remoteInfo = "BroomCleaner Pro";
		};
/* End PBXContainerItemProxy section */

/* Begin PBXFileReference section */
		276F458D2E8164090065FA97 /* BroomCleaner Pro.app */ = {isa = PBXFileReference; explicitFileType = wrapper.application; includeInIndex = 0; path = "BroomCleaner Pro.app"; sourceTree = BUILT_PRODUCTS_DIR; };
		276F459B2E81640B0065FA97 /* BroomCleaner ProTests.xctest */ = {isa = PBXFileReference; explicitFileType = wrapper.cfbundle; includeInIndex = 0; path = "BroomCleaner ProTests.xctest"; sourceTree = BUILT_PRODUCTS_DIR; };
		276F45A52E81640B0065FA97 /* BroomCleaner ProUITests.xctest */ = {isa = PBXFileReference; explicitFileType = wrapper.cfbundle; includeInIndex = 0; path = "BroomCleaner ProUITests.xctest"; sourceTree = BUILT_PRODUCTS_DIR; };
/* End PBXFileReference section */

/* Begin PBXFileSystemSynchronizedRootGroup section */
		276F458F2E8164090065FA97 /* BroomCleaner Pro */ = {
			isa = PBXFileSystemSynchronizedRootGroup;
			path = "BroomCleaner Pro";
			sourceTree = "<group>";
		};
		276F459E2E81640B0065FA97 /* BroomCleaner ProTests */ = {
			isa = PBXFileSystemSynchronizedRootGroup;
			path = "BroomCleaner ProTests";
			sourceTree = "<group>";
		};
		276F45A82E81640B0065FA97 /* BroomCleaner ProUITests */ = {
			isa = PBXFileSystemSynchronizedRootGroup;
			path = "BroomCleaner ProUITests";
			sourceTree = "<group>";
		};
/* End PBXFileSystemSynchronizedRootGroup section */

/* Begin PBXFrameworksBuildPhase section */
		276F458A2E8164090065FA97 /* Frameworks */ = {
			isa = PBXFrameworksBuildPhase;
			buildActionMask = 2147483647;
			files = (
			);
			runOnlyForDeploymentPostprocessing = 0;
		};
		276F45982E81640B0065FA97 /* Frameworks */ = {
			isa = PBXFrameworksBuildPhase;
			buildActionMask = 2147483647;
			files = (
			);
			runOnlyForDeploymentPostprocessing = 0;
		};
		276F45A22E81640B0065FA97 /* Frameworks */ = {
			isa = PBXFrameworksBuildPhase;
			buildActionMask = 2147483647;
			files = (
			);
			runOnlyForDeploymentPostprocessing = 0;
		};
/* End PBXFrameworksBuildPhase section */

/* Begin PBXGroup section */
		276F45842E8164090065FA97 = {
			isa = PBXGroup;
			children = (
				276F458F2E8164090065FA97 /* BroomCleaner Pro */,
				276F459E2E81640B0065FA97 /* BroomCleaner ProTests */,
				276F45A82E81640B0065FA97 /* BroomCleaner ProUITests */,
				276F458E2E8164090065FA97 /* Products */,
			);
			sourceTree = "<group>";
		};
		276F458E2E8164090065FA97 /* Products */ = {
			isa = PBXGroup;
			children = (
				276F458D2E8164090065FA97 /* BroomCleaner Pro.app */,
				276F459B2E81640B0065FA97 /* BroomCleaner ProTests.xctest */,
				276F45A52E81640B0065FA97 /* BroomCleaner ProUITests.xctest */,
			);
			name = Products;
			sourceTree = "<group>";
		};
/* End PBXGroup section */

/* Begin PBXNativeTarget section */
		276F458C2E8164090065FA97 /* BroomCleaner Pro */ = {
			isa = PBXNativeTarget;
			buildConfigurationList = 276F45AF2E81640B0065FA97 /* Build configuration list for PBXNativeTarget "BroomCleaner Pro" */;
			buildPhases = (
				276F45892E8164090065FA97 /* Sources */,
				276F458A2E8164090065FA97 /* Frameworks */,
				276F458B2E8164090065FA97 /* Resources */,
			);
			buildRules = (
			);
			dependencies = (
			);
			fileSystemSynchronizedGroups = (
				276F458F2E8164090065FA97 /* BroomCleaner Pro */,
			);
			name = "BroomCleaner Pro";
			packageProductDependencies = (
			);
			productName = "BroomCleaner Pro";
			productReference = 276F458D2E8164090065FA97 /* BroomCleaner Pro.app */;
			productType = "com.apple.product-type.application";
		};
		276F459A2E81640B0065FA97 /* BroomCleaner ProTests */ = {
			isa = PBXNativeTarget;
			buildConfigurationList = 276F45B22E81640B0065FA97 /* Build configuration list for PBXNativeTarget "BroomCleaner ProTests" */;
			buildPhases = (
				276F45972E81640B0065FA97 /* Sources */,
				276F45982E81640B0065FA97 /* Frameworks */,
				276F45992E81640B0065FA97 /* Resources */,
			);
			buildRules = (
			);
			dependencies = (
				276F459D2E81640B0065FA97 /* PBXTargetDependency */,
			);
			fileSystemSynchronizedGroups = (
				276F459E2E81640B0065FA97 /* BroomCleaner ProTests */,
			);
			name = "BroomCleaner ProTests";
			packageProductDependencies = (
			);
			productName = "BroomCleaner ProTests";
			productReference = 276F459B2E81640B0065FA97 /* BroomCleaner ProTests.xctest */;
			productType = "com.apple.product-type.bundle.unit-test";
		};
		276F45A42E81640B0065FA97 /* BroomCleaner ProUITests */ = {
			isa = PBXNativeTarget;
			buildConfigurationList = 276F45B52E81640B0065FA97 /* Build configuration list for PBXNativeTarget "BroomCleaner ProUITests" */;
			buildPhases = (
				276F45A12E81640B0065FA97 /* Sources */,
				276F45A22E81640B0065FA97 /* Frameworks */,
				276F45A32E81640B0065FA97 /* Resources */,
			);
			buildRules = (
			);
			dependencies = (
				276F45A72E81640B0065FA97 /* PBXTargetDependency */,
			);
			fileSystemSynchronizedGroups = (
				276F45A82E81640B0065FA97 /* BroomCleaner ProUITests */,
			);
			name = "BroomCleaner ProUITests";
			packageProductDependencies = (
			);
			productName = "BroomCleaner ProUITests";
			productReference = 276F45A52E81640B0065FA97 /* BroomCleaner ProUITests.xctest */;
			productType = "com.apple.product-type.bundle.ui-testing";
		};
/* End PBXNativeTarget section */

/* Begin PBXProject section */
		276F45852E8164090065FA97 /* Project object */ = {
			isa = PBXProject;
			attributes = {
				BuildIndependentTargetsInParallel = 1;
				LastSwiftUpdateCheck = 1640;
				LastUpgradeCheck = 2600;
				TargetAttributes = {
					276F458C2E8164090065FA97 = {
						CreatedOnToolsVersion = 16.4;
					};
					276F459A2E81640B0065FA97 = {
						CreatedOnToolsVersion = 16.4;
						TestTargetID = 276F458C2E8164090065FA97;
					};
					276F45A42E81640B0065FA97 = {
						CreatedOnToolsVersion = 16.4;
						TestTargetID = 276F458C2E8164090065FA97;
					};
				};
			};
			buildConfigurationList = 276F45882E8164090065FA97 /* Build configuration list for PBXProject "BroomCleaner Pro" */;
			developmentRegion = en;
			hasScannedForEncodings = 0;
			knownRegions = (
				en,
				Base,
			);
			mainGroup = 276F45842E8164090065FA97;
			minimizedProjectReferenceProxies = 1;
			preferredProjectObjectVersion = 77;
			productRefGroup = 276F458E2E8164090065FA97 /* Products */;
			projectDirPath = "";
			projectRoot = "";
			targets = (
				276F458C2E8164090065FA97 /* BroomCleaner Pro */,
				276F459A2E81640B0065FA97 /* BroomCleaner ProTests */,
				276F45A42E81640B0065FA97 /* BroomCleaner ProUITests */,
			);
		};
/* End PBXProject section */

/* Begin PBXResourcesBuildPhase section */
		276F458B2E8164090065FA97 /* Resources */ = {
			isa = PBXResourcesBuildPhase;
			buildActionMask = 2147483647;
			files = (
			);
			runOnlyForDeploymentPostprocessing = 0;
		};
		276F45992E81640B0065FA97 /* Resources */ = {
			isa = PBXResourcesBuildPhase;
			buildActionMask = 2147483647;
			files = (
			);
			runOnlyForDeploymentPostprocessing = 0;
		};
		276F45A32E81640B0065FA97 /* Resources */ = {
			isa = PBXResourcesBuildPhase;
			buildActionMask = 2147483647;
			files = (
			);
			runOnlyForDeploymentPostprocessing = 0;
		};
/* End PBXResourcesBuildPhase section */

/* Begin PBXSourcesBuildPhase section */
		276F45892E8164090065FA97 /* Sources */ = {
			isa = PBXSourcesBuildPhase;
			buildActionMask = 2147483647;
			files = (
			);
			runOnlyForDeploymentPostprocessing = 0;
		};
		276F45972E81640B0065FA97 /* Sources */ = {
			isa = PBXSourcesBuildPhase;
			buildActionMask = 2147483647;
			files = (
			);
			runOnlyForDeploymentPostprocessing = 0;
		};
		276F45A12E81640B0065FA97 /* Sources */ = {
			isa = PBXSourcesBuildPhase;
			buildActionMask = 2147483647;
			files = (
			);
			runOnlyForDeploymentPostprocessing = 0;
		};
/* End PBXSourcesBuildPhase section */

/* Begin PBXTargetDependency section */
		276F459D2E81640B0065FA97 /* PBXTargetDependency */ = {
			isa = PBXTargetDependency;
			target = 276F458C2E8164090065FA97 /* BroomCleaner Pro */;
			targetProxy = 276F459C2E81640B0065FA97 /* PBXContainerItemProxy */;
		};
		276F45A72E81640B0065FA97 /* PBXTargetDependency */ = {
			isa = PBXTargetDependency;
			target = 276F458C2E8164090065FA97 /* BroomCleaner Pro */;
			targetProxy = 276F45A62E81640B0065FA97 /* PBXContainerItemProxy */;
		};
/* End PBXTargetDependency section */

/* Begin XCBuildConfiguration section */
		276F45AD2E81640B0065FA97 /* Debug */ = {
			isa = XCBuildConfiguration;
			buildSettings = {
				ALWAYS_SEARCH_USER_PATHS = NO;
				ASSETCATALOG_COMPILER_GENERATE_SWIFT_ASSET_SYMBOL_EXTENSIONS = YES;
				CLANG_ANALYZER_NONNULL = YES;
				CLANG_ANALYZER_NUMBER_OBJECT_CONVERSION = YES_AGGRESSIVE;
				CLANG_CXX_LANGUAGE_STANDARD = "gnu++20";
				CLANG_ENABLE_MODULES = YES;
				CLANG_ENABLE_OBJC_ARC = YES;
				CLANG_ENABLE_OBJC_WEAK = YES;
				CLANG_WARN_BLOCK_CAPTURE_AUTORELEASING = YES;
				CLANG_WARN_BOOL_CONVERSION = YES;
				CLANG_WARN_COMMA = YES;
				CLANG_WARN_CONSTANT_CONVERSION = YES;
				CLANG_WARN_DEPRECATED_OBJC_IMPLEMENTATIONS = YES;
				CLANG_WARN_DIRECT_OBJC_ISA_USAGE = YES_ERROR;
				CLANG_WARN_DOCUMENTATION_COMMENTS = YES;
				CLANG_WARN_EMPTY_BODY = YES;
				CLANG_WARN_ENUM_CONVERSION = YES;
				CLANG_WARN_INFINITE_RECURSION = YES;
				CLANG_WARN_INT_CONVERSION = YES;
				CLANG_WARN_NON_LITERAL_NULL_CONVERSION = YES;
				CLANG_WARN_OBJC_IMPLICIT_RETAIN_SELF = YES;
				CLANG_WARN_OBJC_LITERAL_CONVERSION = YES;
				CLANG_WARN_OBJC_ROOT_CLASS = YES_ERROR;
				CLANG_WARN_QUOTED_INCLUDE_IN_FRAMEWORK_HEADER = YES;
				CLANG_WARN_RANGE_LOOP_ANALYSIS = YES;
				CLANG_WARN_STRICT_PROTOTYPES = YES;
				CLANG_WARN_SUSPICIOUS_MOVE = YES;
				CLANG_WARN_UNGUARDED_AVAILABILITY = YES_AGGRESSIVE;
				CLANG_WARN_UNREACHABLE_CODE = YES;
				CLANG_WARN__DUPLICATE_METHOD_MATCH = YES;
				COPY_PHASE_STRIP = NO;
				DEAD_CODE_STRIPPING = YES;
				DEBUG_INFORMATION_FORMAT = dwarf;
				DEVELOPMENT_TEAM = 6X2XW5692U;
				ENABLE_STRICT_OBJC_MSGSEND = YES;
				ENABLE_TESTABILITY = YES;
				ENABLE_USER_SCRIPT_SANDBOXING = YES;
				GCC_C_LANGUAGE_STANDARD = gnu17;
				GCC_DYNAMIC_NO_PIC = NO;
				GCC_NO_COMMON_BLOCKS = YES;
				GCC_OPTIMIZATION_LEVEL = 0;
				GCC_PREPROCESSOR_DEFINITIONS = (
					"DEBUG=1",
					"$(inherited)",
				);
				GCC_WARN_64_TO_32_BIT_CONVERSION = YES;
				GCC_WARN_ABOUT_RETURN_TYPE = YES_ERROR;
				GCC_WARN_UNDECLARED_SELECTOR = YES;
				GCC_WARN_UNINITIALIZED_AUTOS = YES_AGGRESSIVE;
				GCC_WARN_UNUSED_FUNCTION = YES;
				GCC_WARN_UNUSED_VARIABLE = YES;
				LOCALIZATION_PREFERS_STRING_CATALOGS = YES;
				MACOSX_DEPLOYMENT_TARGET = 15.5;
				MTL_ENABLE_DEBUG_INFO = INCLUDE_SOURCE;
				MTL_FAST_MATH = YES;
				ONLY_ACTIVE_ARCH = YES;
				SDKROOT = macosx;
				STRING_CATALOG_GENERATE_SYMBOLS = YES;
				SWIFT_ACTIVE_COMPILATION_CONDITIONS = "DEBUG $(inherited)";
				SWIFT_OPTIMIZATION_LEVEL = "-Onone";
			};
			name = Debug;
		};
		276F45AE2E81640B0065FA97 /* Release */ = {
			isa = XCBuildConfiguration;
			buildSettings = {
				ALWAYS_SEARCH_USER_PATHS = NO;
				ASSETCATALOG_COMPILER_GENERATE_SWIFT_ASSET_SYMBOL_EXTENSIONS = YES;
				CLANG_ANALYZER_NONNULL = YES;
				CLANG_ANALYZER_NUMBER_OBJECT_CONVERSION = YES_AGGRESSIVE;
				CLANG_CXX_LANGUAGE_STANDARD = "gnu++20";
				CLANG_ENABLE_MODULES = YES;
				CLANG_ENABLE_OBJC_ARC = YES;
				CLANG_ENABLE_OBJC_WEAK = YES;
				CLANG_WARN_BLOCK_CAPTURE_AUTORELEASING = YES;
				CLANG_WARN_BOOL_CONVERSION = YES;
				CLANG_WARN_COMMA = YES;
				CLANG_WARN_CONSTANT_CONVERSION = YES;
				CLANG_WARN_DEPRECATED_OBJC_IMPLEMENTATIONS = YES;
				CLANG_WARN_DIRECT_OBJC_ISA_USAGE = YES_ERROR;
				CLANG_WARN_DOCUMENTATION_COMMENTS = YES;
				CLANG_WARN_EMPTY_BODY = YES;
				CLANG_WARN_ENUM_CONVERSION = YES;
				CLANG_WARN_INFINITE_RECURSION = YES;
				CLANG_WARN_INT_CONVERSION = YES;
				CLANG_WARN_NON_LITERAL_NULL_CONVERSION = YES;
				CLANG_WARN_OBJC_IMPLICIT_RETAIN_SELF = YES;
				CLANG_WARN_OBJC_LITERAL_CONVERSION = YES;
				CLANG_WARN_OBJC_ROOT_CLASS = YES_ERROR;
				CLANG_WARN_QUOTED_INCLUDE_IN_FRAMEWORK_HEADER = YES;
				CLANG_WARN_RANGE_LOOP_ANALYSIS = YES;
				CLANG_WARN_STRICT_PROTOTYPES = YES;
				CLANG_WARN_SUSPICIOUS_MOVE = YES;
				CLANG_WARN_UNGUARDED_AVAILABILITY = YES_AGGRESSIVE;
				CLANG_WARN_UNREACHABLE_CODE = YES;
				CLANG_WARN__DUPLICATE_METHOD_MATCH = YES;
				COPY_PHASE_STRIP = NO;
				DEAD_CODE_STRIPPING = YES;
				DEBUG_INFORMATION_FORMAT = "dwarf-with-dsym";
				DEVELOPMENT_TEAM = 6X2XW5692U;
				ENABLE_NS_ASSERTIONS = NO;
				ENABLE_STRICT_OBJC_MSGSEND = YES;
				ENABLE_USER_SCRIPT_SANDBOXING = YES;
				GCC_C_LANGUAGE_STANDARD = gnu17;
				GCC_NO_COMMON_BLOCKS = YES;
				GCC_WARN_64_TO_32_BIT_CONVERSION = YES;
				GCC_WARN_ABOUT_RETURN_TYPE = YES_ERROR;
				GCC_WARN_UNDECLARED_SELECTOR = YES;
				GCC_WARN_UNINITIALIZED_AUTOS = YES_AGGRESSIVE;
				GCC_WARN_UNUSED_FUNCTION = YES;
				GCC_WARN_UNUSED_VARIABLE = YES;
				LOCALIZATION_PREFERS_STRING_CATALOGS = YES;
				MACOSX_DEPLOYMENT_TARGET = 15.5;
				MTL_ENABLE_DEBUG_INFO = NO;
				MTL_FAST_MATH = YES;
				SDKROOT = macosx;
				STRING_CATALOG_GENERATE_SYMBOLS = YES;
				SWIFT_COMPILATION_MODE = wholemodule;
			};
			name = Release;
		};
		276F45B02E81640B0065FA97 /* Debug */ = {
			isa = XCBuildConfiguration;
			buildSettings = {
				ASSETCATALOG_COMPILER_APPICON_NAME = AppIcon;
				ASSETCATALOG_COMPILER_GLOBAL_ACCENT_COLOR_NAME = AccentColor;
				CODE_SIGN_ENTITLEMENTS = "BroomCleaner Pro/BroomCleaner_Pro.entitlements";
				CODE_SIGN_STYLE = Automatic;
				COMBINE_HIDPI_IMAGES = YES;
				CURRENT_PROJECT_VERSION = 1;
				DEAD_CODE_STRIPPING = YES;
				DEVELOPMENT_TEAM = 6X2XW5692U;
				ENABLE_APP_SANDBOX = NO;
				ENABLE_HARDENED_RUNTIME = YES;
				ENABLE_PREVIEWS = YES;
				GENERATE_INFOPLIST_FILE = YES;
				INFOPLIST_KEY_NSHumanReadableCopyright = "";
				LD_RUNPATH_SEARCH_PATHS = (
					"$(inherited)",
					"@executable_path/../Frameworks",
				);
				MACOSX_DEPLOYMENT_TARGET = 13.5;
				MARKETING_VERSION = 1.0;
				PRODUCT_BUNDLE_IDENTIFIER = "com.novaos.BroomCleaner-Pro";
				PRODUCT_NAME = "$(TARGET_NAME)";
				REGISTER_APP_GROUPS = YES;
				SWIFT_EMIT_LOC_STRINGS = YES;
				SWIFT_VERSION = 5.0;
			};
			name = Debug;
		};
		276F45B12E81640B0065FA97 /* Release */ = {
			isa = XCBuildConfiguration;
			buildSettings = {
				ASSETCATALOG_COMPILER_APPICON_NAME = AppIcon;
				ASSETCATALOG_COMPILER_GLOBAL_ACCENT_COLOR_NAME = AccentColor;
				CODE_SIGN_ENTITLEMENTS = "BroomCleaner Pro/BroomCleaner_Pro.entitlements";
				CODE_SIGN_STYLE = Automatic;
				COMBINE_HIDPI_IMAGES = YES;
				CURRENT_PROJECT_VERSION = 1;
				DEAD_CODE_STRIPPING = YES;
				DEVELOPMENT_TEAM = 6X2XW5692U;
				ENABLE_APP_SANDBOX = NO;
				ENABLE_HARDENED_RUNTIME = YES;
				ENABLE_PREVIEWS = YES;
				GENERATE_INFOPLIST_FILE = YES;
				INFOPLIST_KEY_NSHumanReadableCopyright = "";
				LD_RUNPATH_SEARCH_PATHS = (
					"$(inherited)",
					"@executable_path/../Frameworks",
				);
				MACOSX_DEPLOYMENT_TARGET = 13.5;
				MARKETING_VERSION = 1.0;
				PRODUCT_BUNDLE_IDENTIFIER = "com.novaos.BroomCleaner-Pro";
				PRODUCT_NAME = "$(TARGET_NAME)";
				REGISTER_APP_GROUPS = YES;
				SWIFT_EMIT_LOC_STRINGS = YES;
				SWIFT_VERSION = 5.0;
			};
			name = Release;
		};
		276F45B32E81640B0065FA97 /* Debug */ = {
			isa = XCBuildConfiguration;
			buildSettings = {
				BUNDLE_LOADER = "$(TEST_HOST)";
				CODE_SIGN_STYLE = Automatic;
				CURRENT_PROJECT_VERSION = 1;
				DEAD_CODE_STRIPPING = YES;
				DEVELOPMENT_TEAM = 6X2XW5692U;
				GENERATE_INFOPLIST_FILE = YES;
				MACOSX_DEPLOYMENT_TARGET = 15.5;
				MARKETING_VERSION = 1.0;
				PRODUCT_BUNDLE_IDENTIFIER = "com.novaos.BroomCleaner-ProTests";
				PRODUCT_NAME = "$(TARGET_NAME)";
				SWIFT_EMIT_LOC_STRINGS = NO;
				SWIFT_VERSION = 5.0;
				TEST_HOST = "$(BUILT_PRODUCTS_DIR)/BroomCleaner Pro.app/$(BUNDLE_EXECUTABLE_FOLDER_PATH)/BroomCleaner Pro";
			};
			name = Debug;
		};
		276F45B42E81640B0065FA97 /* Release */ = {
			isa = XCBuildConfiguration;
			buildSettings = {
				BUNDLE_LOADER = "$(TEST_HOST)";
				CODE_SIGN_STYLE = Automatic;
				CURRENT_PROJECT_VERSION = 1;
				DEAD_CODE_STRIPPING = YES;
				DEVELOPMENT_TEAM = 6X2XW5692U;
				GENERATE_INFOPLIST_FILE = YES;
				MACOSX_DEPLOYMENT_TARGET = 15.5;
				MARKETING_VERSION = 1.0;
				PRODUCT_BUNDLE_IDENTIFIER = "com.novaos.BroomCleaner-ProTests";
				PRODUCT_NAME = "$(TARGET_NAME)";
				SWIFT_EMIT_LOC_STRINGS = NO;
				SWIFT_VERSION = 5.0;
				TEST_HOST = "$(BUILT_PRODUCTS_DIR)/BroomCleaner Pro.app/$(BUNDLE_EXECUTABLE_FOLDER_PATH)/BroomCleaner Pro";
			};
			name = Release;
		};
		276F45B62E81640B0065FA97 /* Debug */ = {
			isa = XCBuildConfiguration;
			buildSettings = {
				CODE_SIGN_STYLE = Automatic;
				CURRENT_PROJECT_VERSION = 1;
				DEAD_CODE_STRIPPING = YES;
				DEVELOPMENT_TEAM = 6X2XW5692U;
				GENERATE_INFOPLIST_FILE = YES;
				MARKETING_VERSION = 1.0;
				PRODUCT_BUNDLE_IDENTIFIER = "com.novaos.BroomCleaner-ProUITests";
				PRODUCT_NAME = "$(TARGET_NAME)";
				SWIFT_EMIT_LOC_STRINGS = NO;
				SWIFT_VERSION = 5.0;
				TEST_TARGET_NAME = "BroomCleaner Pro";
			};
			name = Debug;
		};
		276F45B72E81640B0065FA97 /* Release */ = {
			isa = XCBuildConfiguration;
			buildSettings = {
				CODE_SIGN_STYLE = Automatic;
				CURRENT_PROJECT_VERSION = 1;
				DEAD_CODE_STRIPPING = YES;
				DEVELOPMENT_TEAM = 6X2XW5692U;
				GENERATE_INFOPLIST_FILE = YES;
				MARKETING_VERSION = 1.0;
				PRODUCT_BUNDLE_IDENTIFIER = "com.novaos.BroomCleaner-ProUITests";
				PRODUCT_NAME = "$(TARGET_NAME)";
				SWIFT_EMIT_LOC_STRINGS = NO;
				SWIFT_VERSION = 5.0;
				TEST_TARGET_NAME = "BroomCleaner Pro";
			};
			name = Release;
		};
/* End XCBuildConfiguration section */

/* Begin XCConfigurationList section */
		276F45882E8164090065FA97 /* Build configuration list for PBXProject "BroomCleaner Pro" */ = {
			isa = XCConfigurationList;
			buildConfigurations = (
				276F45AD2E81640B0065FA97 /* Debug */,
				276F45AE2E81640B0065FA97 /* Release */,
			);
			defaultConfigurationIsVisible = 0;
			defaultConfigurationName = Release;
		};
		276F45AF2E81640B0065FA97 /* Build configuration list for PBXNativeTarget "BroomCleaner Pro" */ = {
			isa = XCConfigurationList;
			buildConfigurations = (
				276F45B02E81640B0065FA97 /* Debug */,
				276F45B12E81640B0065FA97 /* Release */,
			);
			defaultConfigurationIsVisible = 0;
			defaultConfigurationName = Release;
		};
		276F45B22E81640B0065FA97 /* Build configuration list for PBXNativeTarget "BroomCleaner ProTests" */ = {
			isa = XCConfigurationList;
			buildConfigurations = (
				276F45B32E81640B0065FA97 /* Debug */,
				276F45B42E81640B0065FA97 /* Release */,
			);
			defaultConfigurationIsVisible = 0;
			defaultConfigurationName = Release;
		};
		276F45B52E81640B0065FA97 /* Build configuration list for PBXNativeTarget "BroomCleaner ProUITests" */ = {
			isa = XCConfigurationList;
			buildConfigurations = (
				276F45B62E81640B0065FA97 /* Debug */,
				276F45B72E81640B0065FA97 /* Release */,
			);
			defaultConfigurationIsVisible = 0;
			defaultConfigurationName = Release;
		};
/* End XCConfigurationList section */
	};
	rootObject = 276F45852E8164090065FA97 /* Project object */;
}
